
Microsoft Visual Studio Solution File, Format Version 12.00
# Visual Studio Version 17
VisualStudioVersion = 17.10.34928.147
MinimumVisualStudioVersion = 10.0.40219.1
Project("{FAE04EC0-301F-11D3-BF4B-00C04F79EFBC}") = "BasicDBHandling", "BasicDBHandling.csproj", "{27F2A0FD-6042-4892-ABD8-C0864D9CFD1B}"
EndProject
Global
	GlobalSection(SolutionConfigurationPlatforms) = preSolution
		Debug|Any CPU = Debug|Any CPU
		Release|Any CPU = Release|Any CPU
	EndGlobalSection
	GlobalSection(ProjectConfigurationPlatforms) = postSolution
		{27F2A0FD-6042-4892-ABD8-C0864D9CFD1B}.Debug|Any CPU.ActiveCfg = Debug|Any CPU
		{27F2A0FD-6042-4892-ABD8-C0864D9CFD1B}.Debug|Any CPU.Build.0 = Debug|Any CPU
		{27F2A0FD-6042-4892-ABD8-C0864D9CFD1B}.Release|Any CPU.ActiveCfg = Release|Any CPU
		{27F2A0FD-6042-4892-ABD8-C0864D9CFD1B}.Release|Any CPU.Build.0 = Release|Any CPU
	EndGlobalSection
	GlobalSection(SolutionProperties) = preSolution
		HideSolutionNode = FALSE
	EndGlobalSection
	GlobalSection(ExtensibilityGlobals) = postSolution
		SolutionGuid = {008ED28A-0604-4B57-9A9A-BDD3E0F5673E}
	EndGlobalSection
EndGlobal
